{
  "name": "@aptoma/eslint-config",
  "version": "2.0.0",
  "dependencies": {
    "eslint-config-yandex": {
      "version": "1.0.6",
      "from": "eslint-config-yandex@latest",
      "resolved": "https://registry.npmjs.org/eslint-config-yandex/-/eslint-config-yandex-1.0.6.tgz",
      "dependencies": {
        "read-yaml": {
          "version": "1.0.0",
          "from": "read-yaml@>=1.0.0 <2.0.0",
          "resolved": "https://registry.npmjs.org/read-yaml/-/read-yaml-1.0.0.tgz",
          "dependencies": {
            "js-yaml": {
              "version": "3.5.3",
              "from": "js-yaml@>=3.2.3 <4.0.0",
              "resolved": "https://registry.npmjs.org/js-yaml/-/js-yaml-3.5.3.tgz",
              "dependencies": {
                "argparse": {
                  "version": "1.0.6",
                  "from": "argparse@>=1.0.2 <2.0.0",
                  "resolved": "https://registry.npmjs.org/argparse/-/argparse-1.0.6.tgz",
                  "dependencies": {
                    "sprintf-js": {
                      "version": "1.0.3",
                      "from": "sprintf-js@>=1.0.2 <1.1.0",
                      "resolved": "https://registry.npmjs.org/sprintf-js/-/sprintf-js-1.0.3.tgz"
                    }
                  }
                },
                "esprima": {
                  "version": "2.7.2",
                  "from": "esprima@>=2.6.0 <3.0.0",
                  "resolved": "https://registry.npmjs.org/esprima/-/esprima-2.7.2.tgz"
                }
              }
            },
            "xtend": {
              "version": "4.0.1",
              "from": "xtend@>=4.0.0 <5.0.0",
              "resolved": "https://registry.npmjs.org/xtend/-/xtend-4.0.1.tgz"
            }
          }
        }
      }
    }
  }
}
